
Microsoft Visual Studio Solution File, Format Version 12.00
# Visual Studio Version 17
VisualStudioVersion = 17.6.33801.468
MinimumVisualStudioVersion = 10.0.40219.1
Project("{9A19103F-16F7-4668-BE54-9A1E7A4F7556}") = "APIApp", "APIApp\APIApp.csproj", "{93767271-E1EB-4D18-81DB-43ACC8026F5A}"
EndProject
Project("{FAE04EC0-301F-11D3-BF4B-00C04F79EFBC}") = "OlxDataAccess", "OlxDataAccess\OlxDataAccess.csproj", "{CAB6DF4E-140F-4E66-B1EC-02A36D1621C5}"
EndProject
Global
	GlobalSection(SolutionConfigurationPlatforms) = preSolution
		Debug|Any CPU = Debug|Any CPU
		Release|Any CPU = Release|Any CPU
	EndGlobalSection
	GlobalSection(ProjectConfigurationPlatforms) = postSolution
		{93767271-E1EB-4D18-81DB-43ACC8026F5A}.Debug|Any CPU.ActiveCfg = Debug|Any CPU
		{93767271-E1EB-4D18-81DB-43ACC8026F5A}.Debug|Any CPU.Build.0 = Debug|Any CPU
		{93767271-E1EB-4D18-81DB-43ACC8026F5A}.Release|Any CPU.ActiveCfg = Release|Any CPU
		{93767271-E1EB-4D18-81DB-43ACC8026F5A}.Release|Any CPU.Build.0 = Release|Any CPU
		{CAB6DF4E-140F-4E66-B1EC-02A36D1621C5}.Debug|Any CPU.ActiveCfg = Debug|Any CPU
		{CAB6DF4E-140F-4E66-B1EC-02A36D1621C5}.Debug|Any CPU.Build.0 = Debug|Any CPU
		{CAB6DF4E-140F-4E66-B1EC-02A36D1621C5}.Release|Any CPU.ActiveCfg = Release|Any CPU
		{CAB6DF4E-140F-4E66-B1EC-02A36D1621C5}.Release|Any CPU.Build.0 = Release|Any CPU
	EndGlobalSection
	GlobalSection(SolutionProperties) = preSolution
		HideSolutionNode = FALSE
	EndGlobalSection
	GlobalSection(ExtensibilityGlobals) = postSolution
		SolutionGuid = {C80C9296-587C-4BAA-8ED3-7E2DD99EDB8F}
	EndGlobalSection
EndGlobal
